
Microsoft Visual Studio Solution File, Format Version 11.00
# Visual Studio 2010
Project("{FAE04EC0-301F-11D3-BF4B-00C04F79EFBC}") = "RegexDataGenerator", "RegexDataGenerator\RegexDataGenerator.csproj", "{52F96B42-0EEC-4546-A677-EB069B072A53}"
EndProject
Project("{FAE04EC0-301F-11D3-BF4B-00C04F79EFBC}") = "RegexDataGenerator.Demo", "RegexDataGenerator.Demo\RegexDataGenerator.Demo.csproj", "{5F5836BE-5DC6-4CCE-BFAE-6C3AFC100ABA}"
EndProject
Project("{FAE04EC0-301F-11D3-BF4B-00C04F79EFBC}") = "RegexDataGenerator.Tests", "RegexDataGenerator.Tests\RegexDataGenerator.Tests.csproj", "{8104D403-4B72-46B0-8F73-AE1A39241F60}"
EndProject
Global
	GlobalSection(SolutionConfigurationPlatforms) = preSolution
		Debug|Any CPU = Debug|Any CPU
		Debug|Mixed Platforms = Debug|Mixed Platforms
		Debug|x86 = Debug|x86
		Release|Any CPU = Release|Any CPU
		Release|Mixed Platforms = Release|Mixed Platforms
		Release|x86 = Release|x86
	EndGlobalSection
	GlobalSection(ProjectConfigurationPlatforms) = postSolution
		{52F96B42-0EEC-4546-A677-EB069B072A53}.Debug|Any CPU.ActiveCfg = Debug|Any CPU
		{52F96B42-0EEC-4546-A677-EB069B072A53}.Debug|Any CPU.Build.0 = Debug|Any CPU
		{52F96B42-0EEC-4546-A677-EB069B072A53}.Debug|Mixed Platforms.ActiveCfg = Debug|Any CPU
		{52F96B42-0EEC-4546-A677-EB069B072A53}.Debug|Mixed Platforms.Build.0 = Debug|Any CPU
		{52F96B42-0EEC-4546-A677-EB069B072A53}.Debug|x86.ActiveCfg = Debug|Any CPU
		{52F96B42-0EEC-4546-A677-EB069B072A53}.Debug|x86.Build.0 = Debug|Any CPU
		{52F96B42-0EEC-4546-A677-EB069B072A53}.Release|Any CPU.ActiveCfg = Release|Any CPU
		{52F96B42-0EEC-4546-A677-EB069B072A53}.Release|Any CPU.Build.0 = Release|Any CPU
		{52F96B42-0EEC-4546-A677-EB069B072A53}.Release|Mixed Platforms.ActiveCfg = Release|Any CPU
		{52F96B42-0EEC-4546-A677-EB069B072A53}.Release|Mixed Platforms.Build.0 = Release|Any CPU
		{52F96B42-0EEC-4546-A677-EB069B072A53}.Release|x86.ActiveCfg = Release|Any CPU
		{52F96B42-0EEC-4546-A677-EB069B072A53}.Release|x86.Build.0 = Release|Any CPU
		{5F5836BE-5DC6-4CCE-BFAE-6C3AFC100ABA}.Debug|Any CPU.ActiveCfg = Debug|Any CPU
		{5F5836BE-5DC6-4CCE-BFAE-6C3AFC100ABA}.Debug|Any CPU.Build.0 = Debug|Any CPU
		{5F5836BE-5DC6-4CCE-BFAE-6C3AFC100ABA}.Debug|Mixed Platforms.ActiveCfg = Debug|Any CPU
		{5F5836BE-5DC6-4CCE-BFAE-6C3AFC100ABA}.Debug|Mixed Platforms.Build.0 = Debug|Any CPU
		{5F5836BE-5DC6-4CCE-BFAE-6C3AFC100ABA}.Debug|x86.ActiveCfg = Debug|Any CPU
		{5F5836BE-5DC6-4CCE-BFAE-6C3AFC100ABA}.Debug|x86.Build.0 = Debug|Any CPU
		{5F5836BE-5DC6-4CCE-BFAE-6C3AFC100ABA}.Release|Any CPU.ActiveCfg = Release|Any CPU
		{5F5836BE-5DC6-4CCE-BFAE-6C3AFC100ABA}.Release|Any CPU.Build.0 = Release|Any CPU
		{5F5836BE-5DC6-4CCE-BFAE-6C3AFC100ABA}.Release|Mixed Platforms.ActiveCfg = Release|Any CPU
		{5F5836BE-5DC6-4CCE-BFAE-6C3AFC100ABA}.Release|Mixed Platforms.Build.0 = Release|Any CPU
		{5F5836BE-5DC6-4CCE-BFAE-6C3AFC100ABA}.Release|x86.ActiveCfg = Release|Any CPU
		{5F5836BE-5DC6-4CCE-BFAE-6C3AFC100ABA}.Release|x86.Build.0 = Release|Any CPU
		{8104D403-4B72-46B0-8F73-AE1A39241F60}.Debug|Any CPU.ActiveCfg = Debug|Any CPU
		{8104D403-4B72-46B0-8F73-AE1A39241F60}.Debug|Any CPU.Build.0 = Debug|Any CPU
		{8104D403-4B72-46B0-8F73-AE1A39241F60}.Debug|Mixed Platforms.ActiveCfg = Debug|Any CPU
		{8104D403-4B72-46B0-8F73-AE1A39241F60}.Debug|Mixed Platforms.Build.0 = Debug|Any CPU
		{8104D403-4B72-46B0-8F73-AE1A39241F60}.Debug|x86.ActiveCfg = Debug|Any CPU
		{8104D403-4B72-46B0-8F73-AE1A39241F60}.Debug|x86.Build.0 = Debug|Any CPU
		{8104D403-4B72-46B0-8F73-AE1A39241F60}.Release|Any CPU.ActiveCfg = Release|Any CPU
		{8104D403-4B72-46B0-8F73-AE1A39241F60}.Release|Any CPU.Build.0 = Release|Any CPU
		{8104D403-4B72-46B0-8F73-AE1A39241F60}.Release|Mixed Platforms.ActiveCfg = Release|Any CPU
		{8104D403-4B72-46B0-8F73-AE1A39241F60}.Release|Mixed Platforms.Build.0 = Release|Any CPU
		{8104D403-4B72-46B0-8F73-AE1A39241F60}.Release|x86.ActiveCfg = Release|Any CPU
		{8104D403-4B72-46B0-8F73-AE1A39241F60}.Release|x86.Build.0 = Release|Any CPU
	EndGlobalSection
	GlobalSection(SolutionProperties) = preSolution
		HideSolutionNode = FALSE
	EndGlobalSection
EndGlobal
